# THIS IS AN AUTOGENERATED FILE. DO NOT EDIT THIS FILE DIRECTLY.
# yarn lockfile v1


"@prisma/engines@4.15.0":
  version "4.15.0"
  resolved "https://registry.yarnpkg.com/@prisma/engines/-/engines-4.15.0.tgz#d8687a9fda615fab88b75b466931280289de9e26"
  integrity sha512-FTaOCGs0LL0OW68juZlGxFtYviZa4xdQj/rQEdat2txw0s3Vu/saAPKjNVXfIgUsGXmQ72HPgNr6935/P8FNAA==

prisma@^4.15.0:
  version "4.15.0"
  resolved "https://registry.yarnpkg.com/prisma/-/prisma-4.15.0.tgz#4faa94f0d584828b68468953ff0bc88f37912c8c"
  integrity sha512-iKZZpobPl48gTcSZVawLMQ3lEy6BnXwtoMj7hluoGFYu2kQ6F9LBuBrUyF95zRVnNo8/3KzLXJXJ5TEnLSJFiA==
  dependencies:
    "@prisma/engines" "4.15.0"
